
Microsoft Visual Studio Solution File, Format Version 12.00
# Visual Studio Version 17
VisualStudioVersion = 17.2.32630.192
MinimumVisualStudioVersion = 10.0.40219.1
Project("{FAE04EC0-301F-11D3-BF4B-00C04F79EFBC}") = "felipehilst_d7_avaliacao", "felipehilst_d7_avaliacao.csproj", "{AA465A61-7776-4DB9-89C8-EB0F74E0E155}"
EndProject
Global
	GlobalSection(SolutionConfigurationPlatforms) = preSolution
		Debug|Any CPU = Debug|Any CPU
		Release|Any CPU = Release|Any CPU
	EndGlobalSection
	GlobalSection(ProjectConfigurationPlatforms) = postSolution
		{AA465A61-7776-4DB9-89C8-EB0F74E0E155}.Debug|Any CPU.ActiveCfg = Debug|Any CPU
		{AA465A61-7776-4DB9-89C8-EB0F74E0E155}.Debug|Any CPU.Build.0 = Debug|Any CPU
		{AA465A61-7776-4DB9-89C8-EB0F74E0E155}.Release|Any CPU.ActiveCfg = Release|Any CPU
		{AA465A61-7776-4DB9-89C8-EB0F74E0E155}.Release|Any CPU.Build.0 = Release|Any CPU
	EndGlobalSection
	GlobalSection(SolutionProperties) = preSolution
		HideSolutionNode = FALSE
	EndGlobalSection
	GlobalSection(ExtensibilityGlobals) = postSolution
		SolutionGuid = {9112F52A-BF6D-4D01-BEA4-989B717BF96E}
	EndGlobalSection
EndGlobal
